
Microsoft Visual Studio Solution File, Format Version 12.00
Project("{FAE04EC0-301F-11D3-BF4B-00C04F79EFBC}") = "MartenCreateDb", "MartenCreateDb\MartenCreateDb.csproj", "{17B5D9C1-380B-4A5F-987D-0D817C6428FD}"
EndProject
Project("{2150E333-8FDC-42A3-9474-1A3956D46DE8}") = "Files", "Files", "{5306BE34-0251-459D-BA98-459DB2DDFE40}"
	ProjectSection(SolutionItems) = preProject
		.gitignore = .gitignore
		docker-compose.yml = docker-compose.yml
		Readme.md = Readme.md
	EndProjectSection
EndProject
Global
	GlobalSection(SolutionConfigurationPlatforms) = preSolution
		Debug|Any CPU = Debug|Any CPU
		Release|Any CPU = Release|Any CPU
	EndGlobalSection
	GlobalSection(ProjectConfigurationPlatforms) = postSolution
		{17B5D9C1-380B-4A5F-987D-0D817C6428FD}.Debug|Any CPU.ActiveCfg = Debug|Any CPU
		{17B5D9C1-380B-4A5F-987D-0D817C6428FD}.Debug|Any CPU.Build.0 = Debug|Any CPU
		{17B5D9C1-380B-4A5F-987D-0D817C6428FD}.Release|Any CPU.ActiveCfg = Release|Any CPU
		{17B5D9C1-380B-4A5F-987D-0D817C6428FD}.Release|Any CPU.Build.0 = Release|Any CPU
	EndGlobalSection
EndGlobal
